// !$*UTF8*$!
{
	archiveVersion = 1;
	classes = {
	};
	objectVersion = 50;
	objects = {

/* Begin PBXBuildFile section */
		BA137A4522EF167B004BAFA3 /* 企画　icon.png in Resources */ = {isa = PBXBuildFile; fileRef = BA137A4422EF167B004BAFA3 /* 企画　icon.png */; };
		BA137A4B22EF197B004BAFA3 /* ホーム　Icon.png in Resources */ = {isa = PBXBuildFile; fileRef = BA137A4A22EF197A004BAFA3 /* ホーム　Icon.png */; };
		BA137A4D22EF1B32004BAFA3 /* 地図　icon.png in Resources */ = {isa = PBXBuildFile; fileRef = BA137A4C22EF1B32004BAFA3 /* 地図　icon.png */; };
		BA137A5122EF1C88004BAFA3 /* TT Icon.png in Resources */ = {isa = PBXBuildFile; fileRef = BA137A5022EF1C88004BAFA3 /* TT Icon.png */; };
		BA137A5522F0580F004BAFA3 /* アプリホーム画面.png in Resources */ = {isa = PBXBuildFile; fileRef = BA137A5422F0580F004BAFA3 /* アプリホーム画面.png */; };
		BA65E78623194308003CED4D /* detailViewController.swift in Sources */ = {isa = PBXBuildFile; fileRef = BA65E78523194308003CED4D /* detailViewController.swift */; };
		BA887DF52327CB4F00FD8DB9 /* Map3ViewController.swift in Sources */ = {isa = PBXBuildFile; fileRef = BA887DF42327CB4F00FD8DB9 /* Map3ViewController.swift */; };
		BA887DFA232A467100FD8DB9 /* rekka4-1.png in Resources */ = {isa = PBXBuildFile; fileRef = BA887DF6232A467000FD8DB9 /* rekka4-1.png */; };
		BA887DFB232A467100FD8DB9 /* 劣化見開き.png in Resources */ = {isa = PBXBuildFile; fileRef = BA887DF7232A467000FD8DB9 /* 劣化見開き.png */; };
		BA887DFC232A467100FD8DB9 /* 劣化3.png in Resources */ = {isa = PBXBuildFile; fileRef = BA887DF8232A467000FD8DB9 /* 劣化3.png */; };
		BA887DFD232A467100FD8DB9 /* きれいな見開き2.png in Resources */ = {isa = PBXBuildFile; fileRef = BA887DF9232A467000FD8DB9 /* きれいな見開き2.png */; };
		BA887E32232B8E1600FD8DB9 /* iTunesArtwork@1x.png in Resources */ = {isa = PBXBuildFile; fileRef = BA887E02232B8E1600FD8DB9 /* iTunesArtwork@1x.png */; };
		BA887E33232B8E1600FD8DB9 /* Icon-App-76x76@2x.png in Resources */ = {isa = PBXBuildFile; fileRef = BA887E04232B8E1600FD8DB9 /* Icon-App-76x76@2x.png */; };
		BA887E34232B8E1600FD8DB9 /* Icon-App-29x29@1x.png in Resources */ = {isa = PBXBuildFile; fileRef = BA887E05232B8E1600FD8DB9 /* Icon-App-29x29@1x.png */; };
		BA887E35232B8E1600FD8DB9 /* Icon-App-40x40@1x.png in Resources */ = {isa = PBXBuildFile; fileRef = BA887E06232B8E1600FD8DB9 /* Icon-App-40x40@1x.png */; };
		BA887E36232B8E1600FD8DB9 /* Icon-App-20x20@1x.png in Resources */ = {isa = PBXBuildFile; fileRef = BA887E07232B8E1600FD8DB9 /* Icon-App-20x20@1x.png */; };
		BA887E37232B8E1600FD8DB9 /* Icon-App-83.5x83.5@2x.png in Resources */ = {isa = PBXBuildFile; fileRef = BA887E08232B8E1600FD8DB9 /* Icon-App-83.5x83.5@2x.png */; };
		BA887E38232B8E1600FD8DB9 /* Icon-App-20x20@3x.png in Resources */ = {isa = PBXBuildFile; fileRef = BA887E09232B8E1600FD8DB9 /* Icon-App-20x20@3x.png */; };
		BA887E39232B8E1600FD8DB9 /* ItunesArtwork@2x.png in Resources */ = {isa = PBXBuildFile; fileRef = BA887E0A232B8E1600FD8DB9 /* ItunesArtwork@2x.png */; };
		BA887E3A232B8E1600FD8DB9 /* Contents.json in Resources */ = {isa = PBXBuildFile; fileRef = BA887E0B232B8E1600FD8DB9 /* Contents.json */; };
		BA887E3B232B8E1600FD8DB9 /* Icon-App-20x20@2x.png in Resources */ = {isa = PBXBuildFile; fileRef = BA887E0C232B8E1600FD8DB9 /* Icon-App-20x20@2x.png */; };
		BA887E3C232B8E1600FD8DB9 /* Icon-App-29x29@3x.png in Resources */ = {isa = PBXBuildFile; fileRef = BA887E0D232B8E1600FD8DB9 /* Icon-App-29x29@3x.png */; };
		BA887E3D232B8E1600FD8DB9 /* Icon-App-40x40@2x.png in Resources */ = {isa = PBXBuildFile; fileRef = BA887E0E232B8E1600FD8DB9 /* Icon-App-40x40@2x.png */; };
		BA887E3E232B8E1600FD8DB9 /* Icon-App-60x60@3x.png in Resources */ = {isa = PBXBuildFile; fileRef = BA887E0F232B8E1600FD8DB9 /* Icon-App-60x60@3x.png */; };
		BA887E3F232B8E1600FD8DB9 /* Icon-App-60x60@2x.png in Resources */ = {isa = PBXBuildFile; fileRef = BA887E10232B8E1600FD8DB9 /* Icon-App-60x60@2x.png */; };
		BA887E40232B8E1600FD8DB9 /* Icon-App-76x76@1x.png in Resources */ = {isa = PBXBuildFile; fileRef = BA887E11232B8E1600FD8DB9 /* Icon-App-76x76@1x.png */; };
		BA887E41232B8E1600FD8DB9 /* Icon-App-40x40@3x.png in Resources */ = {isa = PBXBuildFile; fileRef = BA887E12232B8E1600FD8DB9 /* Icon-App-40x40@3x.png */; };
		BA887E42232B8E1600FD8DB9 /* Icon-App-29x29@2x.png in Resources */ = {isa = PBXBuildFile; fileRef = BA887E13232B8E1600FD8DB9 /* Icon-App-29x29@2x.png */; };
		BA887E43232B8E1600FD8DB9 /* README.md in Resources */ = {isa = PBXBuildFile; fileRef = BA887E14232B8E1600FD8DB9 /* README.md */; };
		BA887E44232B8E1600FD8DB9 /* iTunesArtwork@2x.png in Resources */ = {isa = PBXBuildFile; fileRef = BA887E15232B8E1600FD8DB9 /* iTunesArtwork@2x.png */; };
		BA887E45232B8E1600FD8DB9 /* iTunesArtwork@3x.png in Resources */ = {isa = PBXBuildFile; fileRef = BA887E16232B8E1600FD8DB9 /* iTunesArtwork@3x.png */; };
		BA887E4D232B8E1600FD8DB9 /* icon-messages-app-iPhone-60x45@1x.png in Resources */ = {isa = PBXBuildFile; fileRef = BA887E26232B8E1600FD8DB9 /* icon-messages-app-iPhone-60x45@1x.png */; };
		BA887E4E232B8E1600FD8DB9 /* icon-messages-app-iPadAir-67x50@2x.png in Resources */ = {isa = PBXBuildFile; fileRef = BA887E27232B8E1600FD8DB9 /* icon-messages-app-iPadAir-67x50@2x.png */; };
		BA887E4F232B8E1600FD8DB9 /* icon-messages-app-store-1024x768.png in Resources */ = {isa = PBXBuildFile; fileRef = BA887E28232B8E1600FD8DB9 /* icon-messages-app-store-1024x768.png */; };
		BA887E50232B8E1600FD8DB9 /* icon-messages-transcript-32x24@3x.png in Resources */ = {isa = PBXBuildFile; fileRef = BA887E29232B8E1600FD8DB9 /* icon-messages-transcript-32x24@3x.png */; };
		BA887E51232B8E1600FD8DB9 /* icon-messages-app-27x20@1x.png in Resources */ = {isa = PBXBuildFile; fileRef = BA887E2A232B8E1600FD8DB9 /* icon-messages-app-27x20@1x.png */; };
		BA887E52232B8E1600FD8DB9 /* icon-messages-transcript-32x24@2x.png in Resources */ = {isa = PBXBuildFile; fileRef = BA887E2B232B8E1600FD8DB9 /* icon-messages-transcript-32x24@2x.png */; };
		BA887E53232B8E1600FD8DB9 /* icon-messages-app-27x20@2x.png in Resources */ = {isa = PBXBuildFile; fileRef = BA887E2C232B8E1600FD8DB9 /* icon-messages-app-27x20@2x.png */; };
		BA887E54232B8E1600FD8DB9 /* icon-messages-transcript-32x24@1x.png in Resources */ = {isa = PBXBuildFile; fileRef = BA887E2D232B8E1600FD8DB9 /* icon-messages-transcript-32x24@1x.png */; };
		BA887E55232B8E1600FD8DB9 /* icon-messages-app-27x20@3x.png in Resources */ = {isa = PBXBuildFile; fileRef = BA887E2E232B8E1600FD8DB9 /* icon-messages-app-27x20@3x.png */; };
		BA887E56232B8E1600FD8DB9 /* icon-messages-app-iPadAir-74x55@2x.png in Resources */ = {isa = PBXBuildFile; fileRef = BA887E2F232B8E1600FD8DB9 /* icon-messages-app-iPadAir-74x55@2x.png */; };
		BA887E57232B8E1600FD8DB9 /* icon-messages-app-iPhone-60x45@3x.png in Resources */ = {isa = PBXBuildFile; fileRef = BA887E30232B8E1600FD8DB9 /* icon-messages-app-iPhone-60x45@3x.png */; };
		BA887E58232B8E1600FD8DB9 /* icon-messages-app-iPhone-60x45@2x.png in Resources */ = {isa = PBXBuildFile; fileRef = BA887E31232B8E1600FD8DB9 /* icon-messages-app-iPhone-60x45@2x.png */; };
		BA8C821822DB066800F4F53E /* スクリーンショット 2019-07-14 15.41.54.png in Resources */ = {isa = PBXBuildFile; fileRef = BA8C821722DB066800F4F53E /* スクリーンショット 2019-07-14 15.41.54.png */; };
		BA8C823822DB444900F4F53E /* 記念祭　女の子のコピー3.png in Resources */ = {isa = PBXBuildFile; fileRef = BA8C823722DB444900F4F53E /* 記念祭　女の子のコピー3.png */; };
		BA8C823C22DC02F900F4F53E /* Map2ViewController.swift in Sources */ = {isa = PBXBuildFile; fileRef = BA8C823B22DC02F900F4F53E /* Map2ViewController.swift */; };
		BAB3490B2306CC0000A1E984 /* kurasucell.swift in Sources */ = {isa = PBXBuildFile; fileRef = BAB3490A2306CC0000A1E984 /* kurasucell.swift */; };
		BAB3490F230AC65900A1E984 /* その他　アイコン.png in Resources */ = {isa = PBXBuildFile; fileRef = BAB3490E230AC65800A1E984 /* その他　アイコン.png */; };
		BAB34911230AC8B500A1E984 /* detail1ViewController.swift in Sources */ = {isa = PBXBuildFile; fileRef = BAB34910230AC8B500A1E984 /* detail1ViewController.swift */; };
		BAB34915230AD5AE00A1E984 /* スクリーンショット 2019-08-19 22.03.14.png in Resources */ = {isa = PBXBuildFile; fileRef = BAB34914230AD5AE00A1E984 /* スクリーンショット 2019-08-19 22.03.14.png */; };
		BAE01666229815D300560ED8 /* AppDelegate.swift in Sources */ = {isa = PBXBuildFile; fileRef = BAE01665229815D300560ED8 /* AppDelegate.swift */; };
		BAE01668229815D300560ED8 /* FirstViewController.swift in Sources */ = {isa = PBXBuildFile; fileRef = BAE01667229815D300560ED8 /* FirstViewController.swift */; };
		BAE0166A229815D300560ED8 /* SecondViewController.swift in Sources */ = {isa = PBXBuildFile; fileRef = BAE01669229815D300560ED8 /* SecondViewController.swift */; };
		BAE0166D229815D300560ED8 /* Main.storyboard in Resources */ = {isa = PBXBuildFile; fileRef = BAE0166B229815D300560ED8 /* Main.storyboard */; };
		BAE0166F229815D400560ED8 /* Assets.xcassets in Resources */ = {isa = PBXBuildFile; fileRef = BAE0166E229815D400560ED8 /* Assets.xcassets */; };
		BAE01672229815D400560ED8 /* LaunchScreen.storyboard in Resources */ = {isa = PBXBuildFile; fileRef = BAE01670229815D400560ED8 /* LaunchScreen.storyboard */; };
		BAE0167D229815D400560ED8 /* kinensai131thTests.swift in Sources */ = {isa = PBXBuildFile; fileRef = BAE0167C229815D400560ED8 /* kinensai131thTests.swift */; };
		BAE01688229815D400560ED8 /* kinensai131thUITests.swift in Sources */ = {isa = PBXBuildFile; fileRef = BAE01687229815D400560ED8 /* kinensai131thUITests.swift */; };
		BAE0169C22981AAA00560ED8 /* TT.png in Resources */ = {isa = PBXBuildFile; fileRef = BAE0169922981AAA00560ED8 /* TT.png */; };
		BAE0169D22981AAA00560ED8 /* クラス企画.png in Resources */ = {isa = PBXBuildFile; fileRef = BAE0169A22981AAA00560ED8 /* クラス企画.png */; };
		BAE0169E22981AAA00560ED8 /* 地図.png in Resources */ = {isa = PBXBuildFile; fileRef = BAE0169B22981AAA00560ED8 /* 地図.png */; };
		BAE016A022981B7500560ED8 /* 家３.png in Resources */ = {isa = PBXBuildFile; fileRef = BAE0169F22981B7500560ED8 /* 家３.png */; };
		BAE016A222981C2C00560ED8 /* Button_Coctom.swift in Sources */ = {isa = PBXBuildFile; fileRef = BAE016A122981C2C00560ED8 /* Button_Coctom.swift */; };
		BAE016A62298290300560ED8 /* TTViewController.swift in Sources */ = {isa = PBXBuildFile; fileRef = BAE016A52298290300560ED8 /* TTViewController.swift */; };
/* End PBXBuildFile section */

/* Begin PBXContainerItemProxy section */
		BAE01679229815D400560ED8 /* PBXContainerItemProxy */ = {
			isa = PBXContainerItemProxy;
			containerPortal = BAE0165A229815D300560ED8 /* Project object */;
			proxyType = 1;
			remoteGlobalIDString = BAE01661229815D300560ED8;
			remoteInfo = kinensai131th;
		};
		BAE01684229815D400560ED8 /* PBXContainerItemProxy */ = {
			isa = PBXContainerItemProxy;
			containerPortal = BAE0165A229815D300560ED8 /* Project object */;
			proxyType = 1;
			remoteGlobalIDString = BAE01661229815D300560ED8;
			remoteInfo = kinensai131th;
		};
/* End PBXContainerItemProxy section */

/* Begin PBXFileReference section */
		BA137A4422EF167B004BAFA3 /* 企画　icon.png */ = {isa = PBXFileReference; lastKnownFileType = image.png; name = "企画　icon.png"; path = "../../企画　icon.png"; sourceTree = "<group>"; };
		BA137A4A22EF197A004BAFA3 /* ホーム　Icon.png */ = {isa = PBXFileReference; lastKnownFileType = image.png; path = "ホーム　Icon.png"; sourceTree = "<group>"; };
		BA137A4C22EF1B32004BAFA3 /* 地図　icon.png */ = {isa = PBXFileReference; lastKnownFileType = image.png; name = "地図　icon.png"; path = "../../../Downloads/地図　icon.png"; sourceTree = "<group>"; };
		BA137A5022EF1C88004BAFA3 /* TT Icon.png */ = {isa = PBXFileReference; lastKnownFileType = image.png; path = "TT Icon.png"; sourceTree = "<group>"; };
		BA137A5422F0580F004BAFA3 /* アプリホーム画面.png */ = {isa = PBXFileReference; lastKnownFileType = image.png; name = "アプリホーム画面.png"; path = "../../アプリホーム画面.png"; sourceTree = "<group>"; };
		BA65E78523194308003CED4D /* detailViewController.swift */ = {isa = PBXFileReference; lastKnownFileType = sourcecode.swift; name = detailViewController.swift; path = ../../../detailViewController.swift; sourceTree = "<group>"; };
		BA887DF42327CB4F00FD8DB9 /* Map3ViewController.swift */ = {isa = PBXFileReference; lastKnownFileType = sourcecode.swift; path = Map3ViewController.swift; sourceTree = "<group>"; };
		BA887DF6232A467000FD8DB9 /* rekka4-1.png */ = {isa = PBXFileReference; lastKnownFileType = image.png; name = "rekka4-1.png"; path = "kinensai131th/rekka4-1.png"; sourceTree = "<group>"; };
		BA887DF7232A467000FD8DB9 /* 劣化見開き.png */ = {isa = PBXFileReference; lastKnownFileType = image.png; name = "劣化見開き.png"; path = "kinensai131th/劣化見開き.png"; sourceTree = "<group>"; };
		BA887DF8232A467000FD8DB9 /* 劣化3.png */ = {isa = PBXFileReference; lastKnownFileType = image.png; name = "劣化3.png"; path = "kinensai131th/劣化3.png"; sourceTree = "<group>"; };
		BA887DF9232A467000FD8DB9 /* きれいな見開き2.png */ = {isa = PBXFileReference; lastKnownFileType = image.png; name = "きれいな見開き2.png"; path = "kinensai131th/きれいな見開き2.png"; sourceTree = "<group>"; };
		BA887E02232B8E1600FD8DB9 /* iTunesArtwork@1x.png */ = {isa = PBXFileReference; lastKnownFileType = image.png; path = "iTunesArtwork@1x.png"; sourceTree = "<group>"; };
		BA887E04232B8E1600FD8DB9 /* Icon-App-76x76@2x.png */ = {isa = PBXFileReference; lastKnownFileType = image.png; path = "Icon-App-76x76@2x.png"; sourceTree = "<group>"; };
		BA887E05232B8E1600FD8DB9 /* Icon-App-29x29@1x.png */ = {isa = PBXFileReference; lastKnownFileType = image.png; path = "Icon-App-29x29@1x.png"; sourceTree = "<group>"; };
		BA887E06232B8E1600FD8DB9 /* Icon-App-40x40@1x.png */ = {isa = PBXFileReference; lastKnownFileType = image.png; path = "Icon-App-40x40@1x.png"; sourceTree = "<group>"; };
		BA887E07232B8E1600FD8DB9 /* Icon-App-20x20@1x.png */ = {isa = PBXFileReference; lastKnownFileType = image.png; path = "Icon-App-20x20@1x.png"; sourceTree = "<group>"; };
		BA887E08232B8E1600FD8DB9 /* Icon-App-83.5x83.5@2x.png */ = {isa = PBXFileReference; lastKnownFileType = image.png; path = "Icon-App-83.5x83.5@2x.png"; sourceTree = "<group>"; };
		BA887E09232B8E1600FD8DB9 /* Icon-App-20x20@3x.png */ = {isa = PBXFileReference; lastKnownFileType = image.png; path = "Icon-App-20x20@3x.png"; sourceTree = "<group>"; };
		BA887E0A232B8E1600FD8DB9 /* ItunesArtwork@2x.png */ = {isa = PBXFileReference; lastKnownFileType = image.png; path = "ItunesArtwork@2x.png"; sourceTree = "<group>"; };
		BA887E0B232B8E1600FD8DB9 /* Contents.json */ = {isa = PBXFileReference; fileEncoding = 4; lastKnownFileType = text.json; path = Contents.json; sourceTree = "<group>"; };
		BA887E0C232B8E1600FD8DB9 /* Icon-App-20x20@2x.png */ = {isa = PBXFileReference; lastKnownFileType = image.png; path = "Icon-App-20x20@2x.png"; sourceTree = "<group>"; };
		BA887E0D232B8E1600FD8DB9 /* Icon-App-29x29@3x.png */ = {isa = PBXFileReference; lastKnownFileType = image.png; path = "Icon-App-29x29@3x.png"; sourceTree = "<group>"; };
		BA887E0E232B8E1600FD8DB9 /* Icon-App-40x40@2x.png */ = {isa = PBXFileReference; lastKnownFileType = image.png; path = "Icon-App-40x40@2x.png"; sourceTree = "<group>"; };
		BA887E0F232B8E1600FD8DB9 /* Icon-App-60x60@3x.png */ = {isa = PBXFileReference; lastKnownFileType = image.png; path = "Icon-App-60x60@3x.png"; sourceTree = "<group>"; };
		BA887E10232B8E1600FD8DB9 /* Icon-App-60x60@2x.png */ = {isa = PBXFileReference; lastKnownFileType = image.png; path = "Icon-App-60x60@2x.png"; sourceTree = "<group>"; };
		BA887E11232B8E1600FD8DB9 /* Icon-App-76x76@1x.png */ = {isa = PBXFileReference; lastKnownFileType = image.png; path = "Icon-App-76x76@1x.png"; sourceTree = "<group>"; };
		BA887E12232B8E1600FD8DB9 /* Icon-App-40x40@3x.png */ = {isa = PBXFileReference; lastKnownFileType = image.png; path = "Icon-App-40x40@3x.png"; sourceTree = "<group>"; };
		BA887E13232B8E1600FD8DB9 /* Icon-App-29x29@2x.png */ = {isa = PBXFileReference; lastKnownFileType = image.png; path = "Icon-App-29x29@2x.png"; sourceTree = "<group>"; };
		BA887E14232B8E1600FD8DB9 /* README.md */ = {isa = PBXFileReference; fileEncoding = 4; lastKnownFileType = net.daringfireball.markdown; path = README.md; sourceTree = "<group>"; };
		BA887E15232B8E1600FD8DB9 /* iTunesArtwork@2x.png */ = {isa = PBXFileReference; lastKnownFileType = image.png; path = "iTunesArtwork@2x.png"; sourceTree = "<group>"; };
		BA887E16232B8E1600FD8DB9 /* iTunesArtwork@3x.png */ = {isa = PBXFileReference; lastKnownFileType = image.png; path = "iTunesArtwork@3x.png"; sourceTree = "<group>"; };
		BA887E26232B8E1600FD8DB9 /* icon-messages-app-iPhone-60x45@1x.png */ = {isa = PBXFileReference; lastKnownFileType = image.png; path = "icon-messages-app-iPhone-60x45@1x.png"; sourceTree = "<group>"; };
		BA887E27232B8E1600FD8DB9 /* icon-messages-app-iPadAir-67x50@2x.png */ = {isa = PBXFileReference; lastKnownFileType = image.png; path = "icon-messages-app-iPadAir-67x50@2x.png"; sourceTree = "<group>"; };
		BA887E28232B8E1600FD8DB9 /* icon-messages-app-store-1024x768.png */ = {isa = PBXFileReference; lastKnownFileType = image.png; path = "icon-messages-app-store-1024x768.png"; sourceTree = "<group>"; };
		BA887E29232B8E1600FD8DB9 /* icon-messages-transcript-32x24@3x.png */ = {isa = PBXFileReference; lastKnownFileType = image.png; path = "icon-messages-transcript-32x24@3x.png"; sourceTree = "<group>"; };
		BA887E2A232B8E1600FD8DB9 /* icon-messages-app-27x20@1x.png */ = {isa = PBXFileReference; lastKnownFileType = image.png; path = "icon-messages-app-27x20@1x.png"; sourceTree = "<group>"; };
		BA887E2B232B8E1600FD8DB9 /* icon-messages-transcript-32x24@2x.png */ = {isa = PBXFileReference; lastKnownFileType = image.png; path = "icon-messages-transcript-32x24@2x.png"; sourceTree = "<group>"; };
		BA887E2C232B8E1600FD8DB9 /* icon-messages-app-27x20@2x.png */ = {isa = PBXFileReference; lastKnownFileType = image.png; path = "icon-messages-app-27x20@2x.png"; sourceTree = "<group>"; };
		BA887E2D232B8E1600FD8DB9 /* icon-messages-transcript-32x24@1x.png */ = {isa = PBXFileReference; lastKnownFileType = image.png; path = "icon-messages-transcript-32x24@1x.png"; sourceTree = "<group>"; };
		BA887E2E232B8E1600FD8DB9 /* icon-messages-app-27x20@3x.png */ = {isa = PBXFileReference; lastKnownFileType = image.png; path = "icon-messages-app-27x20@3x.png"; sourceTree = "<group>"; };
		BA887E2F232B8E1600FD8DB9 /* icon-messages-app-iPadAir-74x55@2x.png */ = {isa = PBXFileReference; lastKnownFileType = image.png; path = "icon-messages-app-iPadAir-74x55@2x.png"; sourceTree = "<group>"; };
		BA887E30232B8E1600FD8DB9 /* icon-messages-app-iPhone-60x45@3x.png */ = {isa = PBXFileReference; lastKnownFileType = image.png; path = "icon-messages-app-iPhone-60x45@3x.png"; sourceTree = "<group>"; };
		BA887E31232B8E1600FD8DB9 /* icon-messages-app-iPhone-60x45@2x.png */ = {isa = PBXFileReference; lastKnownFileType = image.png; path = "icon-messages-app-iPhone-60x45@2x.png"; sourceTree = "<group>"; };
		BA8C821722DB066800F4F53E /* スクリーンショット 2019-07-14 15.41.54.png */ = {isa = PBXFileReference; lastKnownFileType = image.png; path = "スクリーンショット 2019-07-14 15.41.54.png"; sourceTree = "<group>"; };
		BA8C823722DB444900F4F53E /* 記念祭　女の子のコピー3.png */ = {isa = PBXFileReference; lastKnownFileType = image.png; path = "記念祭　女の子のコピー3.png"; sourceTree = "<group>"; };
		BA8C823B22DC02F900F4F53E /* Map2ViewController.swift */ = {isa = PBXFileReference; lastKnownFileType = sourcecode.swift; path = Map2ViewController.swift; sourceTree = "<group>"; };
		BAB3490A2306CC0000A1E984 /* kurasucell.swift */ = {isa = PBXFileReference; lastKnownFileType = sourcecode.swift; name = kurasucell.swift; path = ../../../kurasucell.swift; sourceTree = "<group>"; };
		BAB3490E230AC65800A1E984 /* その他　アイコン.png */ = {isa = PBXFileReference; lastKnownFileType = image.png; name = "その他　アイコン.png"; path = "../../その他　アイコン.png"; sourceTree = "<group>"; };
		BAB34910230AC8B500A1E984 /* detail1ViewController.swift */ = {isa = PBXFileReference; lastKnownFileType = sourcecode.swift; name = detail1ViewController.swift; path = ../../../detail1ViewController.swift; sourceTree = "<group>"; };
		BAB34914230AD5AE00A1E984 /* スクリーンショット 2019-08-19 22.03.14.png */ = {isa = PBXFileReference; lastKnownFileType = image.png; path = "スクリーンショット 2019-08-19 22.03.14.png"; sourceTree = "<group>"; };
		BAE01662229815D300560ED8 /* kinensai131th.app */ = {isa = PBXFileReference; explicitFileType = wrapper.application; includeInIndex = 0; path = kinensai131th.app; sourceTree = BUILT_PRODUCTS_DIR; };
		BAE01665229815D300560ED8 /* AppDelegate.swift */ = {isa = PBXFileReference; lastKnownFileType = sourcecode.swift; path = AppDelegate.swift; sourceTree = "<group>"; };
		BAE01667229815D300560ED8 /* FirstViewController.swift */ = {isa = PBXFileReference; lastKnownFileType = sourcecode.swift; path = FirstViewController.swift; sourceTree = "<group>"; };
		BAE01669229815D300560ED8 /* SecondViewController.swift */ = {isa = PBXFileReference; lastKnownFileType = sourcecode.swift; path = SecondViewController.swift; sourceTree = "<group>"; };
		BAE0166C229815D300560ED8 /* Base */ = {isa = PBXFileReference; lastKnownFileType = file.storyboard; name = Base; path = Base.lproj/Main.storyboard; sourceTree = "<group>"; };
		BAE0166E229815D400560ED8 /* Assets.xcassets */ = {isa = PBXFileReference; lastKnownFileType = folder.assetcatalog; path = Assets.xcassets; sourceTree = "<group>"; };
		BAE01671229815D400560ED8 /* Base */ = {isa = PBXFileReference; lastKnownFileType = file.storyboard; name = Base; path = Base.lproj/LaunchScreen.storyboard; sourceTree = "<group>"; };
		BAE01673229815D400560ED8 /* Info.plist */ = {isa = PBXFileReference; lastKnownFileType = text.plist.xml; path = Info.plist; sourceTree = "<group>"; };
		BAE01678229815D400560ED8 /* kinensai131thTests.xctest */ = {isa = PBXFileReference; explicitFileType = wrapper.cfbundle; includeInIndex = 0; path = kinensai131thTests.xctest; sourceTree = BUILT_PRODUCTS_DIR; };
		BAE0167C229815D400560ED8 /* kinensai131thTests.swift */ = {isa = PBXFileReference; lastKnownFileType = sourcecode.swift; path = kinensai131thTests.swift; sourceTree = "<group>"; };
		BAE0167E229815D400560ED8 /* Info.plist */ = {isa = PBXFileReference; lastKnownFileType = text.plist.xml; path = Info.plist; sourceTree = "<group>"; };
		BAE01683229815D400560ED8 /* kinensai131thUITests.xctest */ = {isa = PBXFileReference; explicitFileType = wrapper.cfbundle; includeInIndex = 0; path = kinensai131thUITests.xctest; sourceTree = BUILT_PRODUCTS_DIR; };
		BAE01687229815D400560ED8 /* kinensai131thUITests.swift */ = {isa = PBXFileReference; lastKnownFileType = sourcecode.swift; path = kinensai131thUITests.swift; sourceTree = "<group>"; };
		BAE01689229815D400560ED8 /* Info.plist */ = {isa = PBXFileReference; lastKnownFileType = text.plist.xml; path = Info.plist; sourceTree = "<group>"; };
		BAE0169922981AAA00560ED8 /* TT.png */ = {isa = PBXFileReference; lastKnownFileType = image.png; path = TT.png; sourceTree = "<group>"; };
		BAE0169A22981AAA00560ED8 /* クラス企画.png */ = {isa = PBXFileReference; lastKnownFileType = image.png; path = "クラス企画.png"; sourceTree = "<group>"; };
		BAE0169B22981AAA00560ED8 /* 地図.png */ = {isa = PBXFileReference; lastKnownFileType = image.png; path = "地図.png"; sourceTree = "<group>"; };
		BAE0169F22981B7500560ED8 /* 家３.png */ = {isa = PBXFileReference; lastKnownFileType = image.png; path = "家３.png"; sourceTree = "<group>"; };
		BAE016A122981C2C00560ED8 /* Button_Coctom.swift */ = {isa = PBXFileReference; fileEncoding = 4; lastKnownFileType = sourcecode.swift; path = Button_Coctom.swift; sourceTree = "<group>"; };
		BAE016A52298290300560ED8 /* TTViewController.swift */ = {isa = PBXFileReference; lastKnownFileType = sourcecode.swift; path = TTViewController.swift; sourceTree = "<group>"; };
/* End PBXFileReference section */

/* Begin PBXFrameworksBuildPhase section */
		BAE0165F229815D300560ED8 /* Frameworks */ = {
			isa = PBXFrameworksBuildPhase;
			buildActionMask = 2147483647;
			files = (
			);
			runOnlyForDeploymentPostprocessing = 0;
		};
		BAE01675229815D400560ED8 /* Frameworks */ = {
			isa = PBXFrameworksBuildPhase;
			buildActionMask = 2147483647;
			files = (
			);
			runOnlyForDeploymentPostprocessing = 0;
		};
		BAE01680229815D400560ED8 /* Frameworks */ = {
			isa = PBXFrameworksBuildPhase;
			buildActionMask = 2147483647;
			files = (
			);
			runOnlyForDeploymentPostprocessing = 0;
		};
/* End PBXFrameworksBuildPhase section */

/* Begin PBXGroup section */
		BA887E00232B8E1600FD8DB9 /* icon */ = {
			isa = PBXGroup;
			children = (
				BA887E01232B8E1600FD8DB9 /* ios */,
				BA887E25232B8E1600FD8DB9 /* imessenger */,
			);
			path = icon;
			sourceTree = "<group>";
		};
		BA887E01232B8E1600FD8DB9 /* ios */ = {
			isa = PBXGroup;
			children = (
				BA887E02232B8E1600FD8DB9 /* iTunesArtwork@1x.png */,
				BA887E03232B8E1600FD8DB9 /* AppIcon.appiconset */,
				BA887E14232B8E1600FD8DB9 /* README.md */,
				BA887E15232B8E1600FD8DB9 /* iTunesArtwork@2x.png */,
				BA887E16232B8E1600FD8DB9 /* iTunesArtwork@3x.png */,
			);
			path = ios;
			sourceTree = "<group>";
		};
		BA887E03232B8E1600FD8DB9 /* AppIcon.appiconset */ = {
			isa = PBXGroup;
			children = (
				BA887E04232B8E1600FD8DB9 /* Icon-App-76x76@2x.png */,
				BA887E05232B8E1600FD8DB9 /* Icon-App-29x29@1x.png */,
				BA887E06232B8E1600FD8DB9 /* Icon-App-40x40@1x.png */,
				BA887E07232B8E1600FD8DB9 /* Icon-App-20x20@1x.png */,
				BA887E08232B8E1600FD8DB9 /* Icon-App-83.5x83.5@2x.png */,
				BA887E09232B8E1600FD8DB9 /* Icon-App-20x20@3x.png */,
				BA887E0A232B8E1600FD8DB9 /* ItunesArtwork@2x.png */,
				BA887E0B232B8E1600FD8DB9 /* Contents.json */,
				BA887E0C232B8E1600FD8DB9 /* Icon-App-20x20@2x.png */,
				BA887E0D232B8E1600FD8DB9 /* Icon-App-29x29@3x.png */,
				BA887E0E232B8E1600FD8DB9 /* Icon-App-40x40@2x.png */,
				BA887E0F232B8E1600FD8DB9 /* Icon-App-60x60@3x.png */,
				BA887E10232B8E1600FD8DB9 /* Icon-App-60x60@2x.png */,
				BA887E11232B8E1600FD8DB9 /* Icon-App-76x76@1x.png */,
				BA887E12232B8E1600FD8DB9 /* Icon-App-40x40@3x.png */,
				BA887E13232B8E1600FD8DB9 /* Icon-App-29x29@2x.png */,
			);
			path = AppIcon.appiconset;
			sourceTree = "<group>";
		};
		BA887E25232B8E1600FD8DB9 /* imessenger */ = {
			isa = PBXGroup;
			children = (
				BA887E26232B8E1600FD8DB9 /* icon-messages-app-iPhone-60x45@1x.png */,
				BA887E27232B8E1600FD8DB9 /* icon-messages-app-iPadAir-67x50@2x.png */,
				BA887E28232B8E1600FD8DB9 /* icon-messages-app-store-1024x768.png */,
				BA887E29232B8E1600FD8DB9 /* icon-messages-transcript-32x24@3x.png */,
				BA887E2A232B8E1600FD8DB9 /* icon-messages-app-27x20@1x.png */,
				BA887E2B232B8E1600FD8DB9 /* icon-messages-transcript-32x24@2x.png */,
				BA887E2C232B8E1600FD8DB9 /* icon-messages-app-27x20@2x.png */,
				BA887E2D232B8E1600FD8DB9 /* icon-messages-transcript-32x24@1x.png */,
				BA887E2E232B8E1600FD8DB9 /* icon-messages-app-27x20@3x.png */,
				BA887E2F232B8E1600FD8DB9 /* icon-messages-app-iPadAir-74x55@2x.png */,
				BA887E30232B8E1600FD8DB9 /* icon-messages-app-iPhone-60x45@3x.png */,
				BA887E31232B8E1600FD8DB9 /* icon-messages-app-iPhone-60x45@2x.png */,
			);
			path = imessenger;
			sourceTree = "<group>";
		};
		BAE01659229815D300560ED8 = {
			isa = PBXGroup;
			children = (
				BA887E00232B8E1600FD8DB9 /* icon */,
				BA887DF6232A467000FD8DB9 /* rekka4-1.png */,
				BA887DF9232A467000FD8DB9 /* きれいな見開き2.png */,
				BA887DF8232A467000FD8DB9 /* 劣化3.png */,
				BA887DF7232A467000FD8DB9 /* 劣化見開き.png */,
				BAB34914230AD5AE00A1E984 /* スクリーンショット 2019-08-19 22.03.14.png */,
				BAB3490E230AC65800A1E984 /* その他　アイコン.png */,
				BA137A5422F0580F004BAFA3 /* アプリホーム画面.png */,
				BA137A5022EF1C88004BAFA3 /* TT Icon.png */,
				BA137A4C22EF1B32004BAFA3 /* 地図　icon.png */,
				BA137A4A22EF197A004BAFA3 /* ホーム　Icon.png */,
				BA137A4422EF167B004BAFA3 /* 企画　icon.png */,
				BA8C823722DB444900F4F53E /* 記念祭　女の子のコピー3.png */,
				BA8C821722DB066800F4F53E /* スクリーンショット 2019-07-14 15.41.54.png */,
				BAE0169F22981B7500560ED8 /* 家３.png */,
				BAE0169922981AAA00560ED8 /* TT.png */,
				BAE0169A22981AAA00560ED8 /* クラス企画.png */,
				BAE0169B22981AAA00560ED8 /* 地図.png */,
				BAE01664229815D300560ED8 /* kinensai131th */,
				BAE0167B229815D400560ED8 /* kinensai131thTests */,
				BAE01686229815D400560ED8 /* kinensai131thUITests */,
				BAE01663229815D300560ED8 /* Products */,
			);
			sourceTree = "<group>";
		};
		BAE01663229815D300560ED8 /* Products */ = {
			isa = PBXGroup;
			children = (
				BAE01662229815D300560ED8 /* kinensai131th.app */,
				BAE01678229815D400560ED8 /* kinensai131thTests.xctest */,
				BAE01683229815D400560ED8 /* kinensai131thUITests.xctest */,
			);
			name = Products;
			sourceTree = "<group>";
		};
		BAE01664229815D300560ED8 /* kinensai131th */ = {
			isa = PBXGroup;
			children = (
				BAE016A122981C2C00560ED8 /* Button_Coctom.swift */,
				BAE01665229815D300560ED8 /* AppDelegate.swift */,
				BAE01667229815D300560ED8 /* FirstViewController.swift */,
				BAE01669229815D300560ED8 /* SecondViewController.swift */,
				BAE016A52298290300560ED8 /* TTViewController.swift */,
				BA8C823B22DC02F900F4F53E /* Map2ViewController.swift */,
				BA887DF42327CB4F00FD8DB9 /* Map3ViewController.swift */,
				BAE0166B229815D300560ED8 /* Main.storyboard */,
				BAE0166E229815D400560ED8 /* Assets.xcassets */,
				BAE01670229815D400560ED8 /* LaunchScreen.storyboard */,
				BAE01673229815D400560ED8 /* Info.plist */,
				BAB3490A2306CC0000A1E984 /* kurasucell.swift */,
				BAB34910230AC8B500A1E984 /* detail1ViewController.swift */,
				BA65E78523194308003CED4D /* detailViewController.swift */,
			);
			path = kinensai131th;
			sourceTree = "<group>";
		};
		BAE0167B229815D400560ED8 /* kinensai131thTests */ = {
			isa = PBXGroup;
			children = (
				BAE0167C229815D400560ED8 /* kinensai131thTests.swift */,
				BAE0167E229815D400560ED8 /* Info.plist */,
			);
			path = kinensai131thTests;
			sourceTree = "<group>";
		};
		BAE01686229815D400560ED8 /* kinensai131thUITests */ = {
			isa = PBXGroup;
			children = (
				BAE01687229815D400560ED8 /* kinensai131thUITests.swift */,
				BAE01689229815D400560ED8 /* Info.plist */,
			);
			path = kinensai131thUITests;
			sourceTree = "<group>";
		};
/* End PBXGroup section */

/* Begin PBXNativeTarget section */
		BAE01661229815D300560ED8 /* kinensai131th */ = {
			isa = PBXNativeTarget;
			buildConfigurationList = BAE0168C229815D400560ED8 /* Build configuration list for PBXNativeTarget "kinensai131th" */;
			buildPhases = (
				BAE0165E229815D300560ED8 /* Sources */,
				BAE0165F229815D300560ED8 /* Frameworks */,
				BAE01660229815D300560ED8 /* Resources */,
			);
			buildRules = (
			);
			dependencies = (
			);
			name = kinensai131th;
			productName = kinensai131th;
			productReference = BAE01662229815D300560ED8 /* kinensai131th.app */;
			productType = "com.apple.product-type.application";
		};
		BAE01677229815D400560ED8 /* kinensai131thTests */ = {
			isa = PBXNativeTarget;
			buildConfigurationList = BAE0168F229815D400560ED8 /* Build configuration list for PBXNativeTarget "kinensai131thTests" */;
			buildPhases = (
				BAE01674229815D400560ED8 /* Sources */,
				BAE01675229815D400560ED8 /* Frameworks */,
				BAE01676229815D400560ED8 /* Resources */,
			);
			buildRules = (
			);
			dependencies = (
				BAE0167A229815D400560ED8 /* PBXTargetDependency */,
			);
			name = kinensai131thTests;
			productName = kinensai131thTests;
			productReference = BAE01678229815D400560ED8 /* kinensai131thTests.xctest */;
			productType = "com.apple.product-type.bundle.unit-test";
		};
		BAE01682229815D400560ED8 /* kinensai131thUITests */ = {
			isa = PBXNativeTarget;
			buildConfigurationList = BAE01692229815D400560ED8 /* Build configuration list for PBXNativeTarget "kinensai131thUITests" */;
			buildPhases = (
				BAE0167F229815D400560ED8 /* Sources */,
				BAE01680229815D400560ED8 /* Frameworks */,
				BAE01681229815D400560ED8 /* Resources */,
			);
			buildRules = (
			);
			dependencies = (
				BAE01685229815D400560ED8 /* PBXTargetDependency */,
			);
			name = kinensai131thUITests;
			productName = kinensai131thUITests;
			productReference = BAE01683229815D400560ED8 /* kinensai131thUITests.xctest */;
			productType = "com.apple.product-type.bundle.ui-testing";
		};
/* End PBXNativeTarget section */

/* Begin PBXProject section */
		BAE0165A229815D300560ED8 /* Project object */ = {
			isa = PBXProject;
			attributes = {
				LastSwiftUpdateCheck = 1010;
				LastUpgradeCheck = 1010;
				ORGANIZATIONNAME = "原奏太";
				TargetAttributes = {
					BAE01661229815D300560ED8 = {
						CreatedOnToolsVersion = 10.1;
					};
					BAE01677229815D400560ED8 = {
						CreatedOnToolsVersion = 10.1;
						TestTargetID = BAE01661229815D300560ED8;
					};
					BAE01682229815D400560ED8 = {
						CreatedOnToolsVersion = 10.1;
						TestTargetID = BAE01661229815D300560ED8;
					};
				};
			};
			buildConfigurationList = BAE0165D229815D300560ED8 /* Build configuration list for PBXProject "kinensai131th" */;
			compatibilityVersion = "Xcode 9.3";
			developmentRegion = en;
			hasScannedForEncodings = 0;
			knownRegions = (
				en,
				Base,
			);
			mainGroup = BAE01659229815D300560ED8;
			productRefGroup = BAE01663229815D300560ED8 /* Products */;
			projectDirPath = "";
			projectRoot = "";
			targets = (
				BAE01661229815D300560ED8 /* kinensai131th */,
				BAE01677229815D400560ED8 /* kinensai131thTests */,
				BAE01682229815D400560ED8 /* kinensai131thUITests */,
			);
		};
/* End PBXProject section */

/* Begin PBXResourcesBuildPhase section */
		BAE01660229815D300560ED8 /* Resources */ = {
			isa = PBXResourcesBuildPhase;
			buildActionMask = 2147483647;
			files = (
				BA887E54232B8E1600FD8DB9 /* icon-messages-transcript-32x24@1x.png in Resources */,
				BAB3490F230AC65900A1E984 /* その他　アイコン.png in Resources */,
				BAE0169C22981AAA00560ED8 /* TT.png in Resources */,
				BA887E40232B8E1600FD8DB9 /* Icon-App-76x76@1x.png in Resources */,
				BA887DFC232A467100FD8DB9 /* 劣化3.png in Resources */,
				BA887DFD232A467100FD8DB9 /* きれいな見開き2.png in Resources */,
				BAE01672229815D400560ED8 /* LaunchScreen.storyboard in Resources */,
				BA887E4F232B8E1600FD8DB9 /* icon-messages-app-store-1024x768.png in Resources */,
				BA887E55232B8E1600FD8DB9 /* icon-messages-app-27x20@3x.png in Resources */,
				BA8C821822DB066800F4F53E /* スクリーンショット 2019-07-14 15.41.54.png in Resources */,
				BA8C823822DB444900F4F53E /* 記念祭　女の子のコピー3.png in Resources */,
				BAB34915230AD5AE00A1E984 /* スクリーンショット 2019-08-19 22.03.14.png in Resources */,
				BA887E3B232B8E1600FD8DB9 /* Icon-App-20x20@2x.png in Resources */,
				BA887E44232B8E1600FD8DB9 /* iTunesArtwork@2x.png in Resources */,
				BA887E37232B8E1600FD8DB9 /* Icon-App-83.5x83.5@2x.png in Resources */,
				BA887E36232B8E1600FD8DB9 /* Icon-App-20x20@1x.png in Resources */,
				BA887E34232B8E1600FD8DB9 /* Icon-App-29x29@1x.png in Resources */,
				BA887E4D232B8E1600FD8DB9 /* icon-messages-app-iPhone-60x45@1x.png in Resources */,
				BA887E3A232B8E1600FD8DB9 /* Contents.json in Resources */,
				BA137A5122EF1C88004BAFA3 /* TT Icon.png in Resources */,
				BA887E41232B8E1600FD8DB9 /* Icon-App-40x40@3x.png in Resources */,
				BAE016A022981B7500560ED8 /* 家３.png in Resources */,
				BA887E32232B8E1600FD8DB9 /* iTunesArtwork@1x.png in Resources */,
				BA887DFB232A467100FD8DB9 /* 劣化見開き.png in Resources */,
				BA137A4522EF167B004BAFA3 /* 企画　icon.png in Resources */,
				BAE0169E22981AAA00560ED8 /* 地図.png in Resources */,
				BA137A5522F0580F004BAFA3 /* アプリホーム画面.png in Resources */,
				BA137A4B22EF197B004BAFA3 /* ホーム　Icon.png in Resources */,
				BA887E4E232B8E1600FD8DB9 /* icon-messages-app-iPadAir-67x50@2x.png in Resources */,
				BA887E39232B8E1600FD8DB9 /* ItunesArtwork@2x.png in Resources */,
				BA887E3F232B8E1600FD8DB9 /* Icon-App-60x60@2x.png in Resources */,
				BA887E52232B8E1600FD8DB9 /* icon-messages-transcript-32x24@2x.png in Resources */,
				BA887E3D232B8E1600FD8DB9 /* Icon-App-40x40@2x.png in Resources */,
				BA887E57232B8E1600FD8DB9 /* icon-messages-app-iPhone-60x45@3x.png in Resources */,
				BA887E33232B8E1600FD8DB9 /* Icon-App-76x76@2x.png in Resources */,
				BA887E50232B8E1600FD8DB9 /* icon-messages-transcript-32x24@3x.png in Resources */,
				BAE0166F229815D400560ED8 /* Assets.xcassets in Resources */,
				BA887E51232B8E1600FD8DB9 /* icon-messages-app-27x20@1x.png in Resources */,
				BA887E3C232B8E1600FD8DB9 /* Icon-App-29x29@3x.png in Resources */,
				BA887E42232B8E1600FD8DB9 /* Icon-App-29x29@2x.png in Resources */,
				BAE0169D22981AAA00560ED8 /* クラス企画.png in Resources */,
				BA887E3E232B8E1600FD8DB9 /* Icon-App-60x60@3x.png in Resources */,
				BA887E43232B8E1600FD8DB9 /* README.md in Resources */,
				BA887DFA232A467100FD8DB9 /* rekka4-1.png in Resources */,
				BA887E38232B8E1600FD8DB9 /* Icon-App-20x20@3x.png in Resources */,
				BA887E45232B8E1600FD8DB9 /* iTunesArtwork@3x.png in Resources */,
				BA887E35232B8E1600FD8DB9 /* Icon-App-40x40@1x.png in Resources */,
				BA887E53232B8E1600FD8DB9 /* icon-messages-app-27x20@2x.png in Resources */,
				BA137A4D22EF1B32004BAFA3 /* 地図　icon.png in Resources */,
				BA887E58232B8E1600FD8DB9 /* icon-messages-app-iPhone-60x45@2x.png in Resources */,
				BAE0166D229815D300560ED8 /* Main.storyboard in Resources */,
				BA887E56232B8E1600FD8DB9 /* icon-messages-app-iPadAir-74x55@2x.png in Resources */,
			);
			runOnlyForDeploymentPostprocessing = 0;
		};
		BAE01676229815D400560ED8 /* Resources */ = {
			isa = PBXResourcesBuildPhase;
			buildActionMask = 2147483647;
			files = (
			);
			runOnlyForDeploymentPostprocessing = 0;
		};
		BAE01681229815D400560ED8 /* Resources */ = {
			isa = PBXResourcesBuildPhase;
			buildActionMask = 2147483647;
			files = (
			);
			runOnlyForDeploymentPostprocessing = 0;
		};
/* End PBXResourcesBuildPhase section */

/* Begin PBXSourcesBuildPhase section */
		BAE0165E229815D300560ED8 /* Sources */ = {
			isa = PBXSourcesBuildPhase;
			buildActionMask = 2147483647;
			files = (
				BAB3490B2306CC0000A1E984 /* kurasucell.swift in Sources */,
				BAE0166A229815D300560ED8 /* SecondViewController.swift in Sources */,
				BA887DF52327CB4F00FD8DB9 /* Map3ViewController.swift in Sources */,
				BA65E78623194308003CED4D /* detailViewController.swift in Sources */,
				BAE016A62298290300560ED8 /* TTViewController.swift in Sources */,
				BAE01666229815D300560ED8 /* AppDelegate.swift in Sources */,
				BAB34911230AC8B500A1E984 /* detail1ViewController.swift in Sources */,
				BA8C823C22DC02F900F4F53E /* Map2ViewController.swift in Sources */,
				BAE016A222981C2C00560ED8 /* Button_Coctom.swift in Sources */,
				BAE01668229815D300560ED8 /* FirstViewController.swift in Sources */,
			);
			runOnlyForDeploymentPostprocessing = 0;
		};
		BAE01674229815D400560ED8 /* Sources */ = {
			isa = PBXSourcesBuildPhase;
			buildActionMask = 2147483647;
			files = (
				BAE0167D229815D400560ED8 /* kinensai131thTests.swift in Sources */,
			);
			runOnlyForDeploymentPostprocessing = 0;
		};
		BAE0167F229815D400560ED8 /* Sources */ = {
			isa = PBXSourcesBuildPhase;
			buildActionMask = 2147483647;
			files = (
				BAE01688229815D400560ED8 /* kinensai131thUITests.swift in Sources */,
			);
			runOnlyForDeploymentPostprocessing = 0;
		};
/* End PBXSourcesBuildPhase section */

/* Begin PBXTargetDependency section */
		BAE0167A229815D400560ED8 /* PBXTargetDependency */ = {
			isa = PBXTargetDependency;
			target = BAE01661229815D300560ED8 /* kinensai131th */;
			targetProxy = BAE01679229815D400560ED8 /* PBXContainerItemProxy */;
		};
		BAE01685229815D400560ED8 /* PBXTargetDependency */ = {
			isa = PBXTargetDependency;
			target = BAE01661229815D300560ED8 /* kinensai131th */;
			targetProxy = BAE01684229815D400560ED8 /* PBXContainerItemProxy */;
		};
/* End PBXTargetDependency section */

/* Begin PBXVariantGroup section */
		BAE0166B229815D300560ED8 /* Main.storyboard */ = {
			isa = PBXVariantGroup;
			children = (
				BAE0166C229815D300560ED8 /* Base */,
			);
			name = Main.storyboard;
			sourceTree = "<group>";
		};
		BAE01670229815D400560ED8 /* LaunchScreen.storyboard */ = {
			isa = PBXVariantGroup;
			children = (
				BAE01671229815D400560ED8 /* Base */,
			);
			name = LaunchScreen.storyboard;
			sourceTree = "<group>";
		};
/* End PBXVariantGroup section */

/* Begin XCBuildConfiguration section */
		BAE0168A229815D400560ED8 /* Debug */ = {
			isa = XCBuildConfiguration;
			buildSettings = {
				ALWAYS_SEARCH_USER_PATHS = NO;
				CLANG_ANALYZER_NONNULL = YES;
				CLANG_ANALYZER_NUMBER_OBJECT_CONVERSION = YES_AGGRESSIVE;
				CLANG_CXX_LANGUAGE_STANDARD = "gnu++14";
				CLANG_CXX_LIBRARY = "libc++";
				CLANG_ENABLE_MODULES = YES;
				CLANG_ENABLE_OBJC_ARC = YES;
				CLANG_ENABLE_OBJC_WEAK = YES;
				CLANG_WARN_BLOCK_CAPTURE_AUTORELEASING = YES;
				CLANG_WARN_BOOL_CONVERSION = YES;
				CLANG_WARN_COMMA = YES;
				CLANG_WARN_CONSTANT_CONVERSION = YES;
				CLANG_WARN_DEPRECATED_OBJC_IMPLEMENTATIONS = YES;
				CLANG_WARN_DIRECT_OBJC_ISA_USAGE = YES_ERROR;
				CLANG_WARN_DOCUMENTATION_COMMENTS = YES;
				CLANG_WARN_EMPTY_BODY = YES;
				CLANG_WARN_ENUM_CONVERSION = YES;
				CLANG_WARN_INFINITE_RECURSION = YES;
				CLANG_WARN_INT_CONVERSION = YES;
				CLANG_WARN_NON_LITERAL_NULL_CONVERSION = YES;
				CLANG_WARN_OBJC_IMPLICIT_RETAIN_SELF = YES;
				CLANG_WARN_OBJC_LITERAL_CONVERSION = YES;
				CLANG_WARN_OBJC_ROOT_CLASS = YES_ERROR;
				CLANG_WARN_RANGE_LOOP_ANALYSIS = YES;
				CLANG_WARN_STRICT_PROTOTYPES = YES;
				CLANG_WARN_SUSPICIOUS_MOVE = YES;
				CLANG_WARN_UNGUARDED_AVAILABILITY = YES_AGGRESSIVE;
				CLANG_WARN_UNREACHABLE_CODE = YES;
				CLANG_WARN__DUPLICATE_METHOD_MATCH = YES;
				CODE_SIGN_IDENTITY = "iPhone Developer";
				COPY_PHASE_STRIP = NO;
				DEBUG_INFORMATION_FORMAT = dwarf;
				ENABLE_STRICT_OBJC_MSGSEND = YES;
				ENABLE_TESTABILITY = YES;
				GCC_C_LANGUAGE_STANDARD = gnu11;
				GCC_DYNAMIC_NO_PIC = NO;
				GCC_NO_COMMON_BLOCKS = YES;
				GCC_OPTIMIZATION_LEVEL = 0;
				GCC_PREPROCESSOR_DEFINITIONS = (
					"DEBUG=1",
					"$(inherited)",
				);
				GCC_WARN_64_TO_32_BIT_CONVERSION = YES;
				GCC_WARN_ABOUT_RETURN_TYPE = YES_ERROR;
				GCC_WARN_UNDECLARED_SELECTOR = YES;
				GCC_WARN_UNINITIALIZED_AUTOS = YES_AGGRESSIVE;
				GCC_WARN_UNUSED_FUNCTION = YES;
				GCC_WARN_UNUSED_VARIABLE = YES;
				IPHONEOS_DEPLOYMENT_TARGET = 12.1;
				MTL_ENABLE_DEBUG_INFO = INCLUDE_SOURCE;
				MTL_FAST_MATH = YES;
				ONLY_ACTIVE_ARCH = YES;
				SDKROOT = iphoneos;
				SWIFT_ACTIVE_COMPILATION_CONDITIONS = DEBUG;
				SWIFT_OPTIMIZATION_LEVEL = "-Onone";
			};
			name = Debug;
		};
		BAE0168B229815D400560ED8 /* Release */ = {
			isa = XCBuildConfiguration;
			buildSettings = {
				ALWAYS_SEARCH_USER_PATHS = NO;
				CLANG_ANALYZER_NONNULL = YES;
				CLANG_ANALYZER_NUMBER_OBJECT_CONVERSION = YES_AGGRESSIVE;
				CLANG_CXX_LANGUAGE_STANDARD = "gnu++14";
				CLANG_CXX_LIBRARY = "libc++";
				CLANG_ENABLE_MODULES = YES;
				CLANG_ENABLE_OBJC_ARC = YES;
				CLANG_ENABLE_OBJC_WEAK = YES;
				CLANG_WARN_BLOCK_CAPTURE_AUTORELEASING = YES;
				CLANG_WARN_BOOL_CONVERSION = YES;
				CLANG_WARN_COMMA = YES;
				CLANG_WARN_CONSTANT_CONVERSION = YES;
				CLANG_WARN_DEPRECATED_OBJC_IMPLEMENTATIONS = YES;
				CLANG_WARN_DIRECT_OBJC_ISA_USAGE = YES_ERROR;
				CLANG_WARN_DOCUMENTATION_COMMENTS = YES;
				CLANG_WARN_EMPTY_BODY = YES;
				CLANG_WARN_ENUM_CONVERSION = YES;
				CLANG_WARN_INFINITE_RECURSION = YES;
				CLANG_WARN_INT_CONVERSION = YES;
				CLANG_WARN_NON_LITERAL_NULL_CONVERSION = YES;
				CLANG_WARN_OBJC_IMPLICIT_RETAIN_SELF = YES;
				CLANG_WARN_OBJC_LITERAL_CONVERSION = YES;
				CLANG_WARN_OBJC_ROOT_CLASS = YES_ERROR;
				CLANG_WARN_RANGE_LOOP_ANALYSIS = YES;
				CLANG_WARN_STRICT_PROTOTYPES = YES;
				CLANG_WARN_SUSPICIOUS_MOVE = YES;
				CLANG_WARN_UNGUARDED_AVAILABILITY = YES_AGGRESSIVE;
				CLANG_WARN_UNREACHABLE_CODE = YES;
				CLANG_WARN__DUPLICATE_METHOD_MATCH = YES;
				CODE_SIGN_IDENTITY = "iPhone Developer";
				COPY_PHASE_STRIP = NO;
				DEBUG_INFORMATION_FORMAT = "dwarf-with-dsym";
				ENABLE_NS_ASSERTIONS = NO;
				ENABLE_STRICT_OBJC_MSGSEND = YES;
				GCC_C_LANGUAGE_STANDARD = gnu11;
				GCC_NO_COMMON_BLOCKS = YES;
				GCC_WARN_64_TO_32_BIT_CONVERSION = YES;
				GCC_WARN_ABOUT_RETURN_TYPE = YES_ERROR;
				GCC_WARN_UNDECLARED_SELECTOR = YES;
				GCC_WARN_UNINITIALIZED_AUTOS = YES_AGGRESSIVE;
				GCC_WARN_UNUSED_FUNCTION = YES;
				GCC_WARN_UNUSED_VARIABLE = YES;
				IPHONEOS_DEPLOYMENT_TARGET = 12.1;
				MTL_ENABLE_DEBUG_INFO = NO;
				MTL_FAST_MATH = YES;
				SDKROOT = iphoneos;
				SWIFT_COMPILATION_MODE = wholemodule;
				SWIFT_OPTIMIZATION_LEVEL = "-O";
				VALIDATE_PRODUCT = YES;
			};
			name = Release;
		};
		BAE0168D229815D400560ED8 /* Debug */ = {
			isa = XCBuildConfiguration;
			buildSettings = {
				ASSETCATALOG_COMPILER_APPICON_NAME = AppIcon;
				CODE_SIGN_STYLE = Automatic;
				DEVELOPMENT_TEAM = C3J9Z27Z7Z;
				INFOPLIST_FILE = kinensai131th/Info.plist;
				LD_RUNPATH_SEARCH_PATHS = (
					"$(inherited)",
					"@executable_path/Frameworks",
				);
				PRODUCT_BUNDLE_IDENTIFIER = com.litech.kinensai131th;
				PRODUCT_NAME = "$(TARGET_NAME)";
				SWIFT_VERSION = 4.2;
				TARGETED_DEVICE_FAMILY = "1,2";
			};
			name = Debug;
		};
		BAE0168E229815D400560ED8 /* Release */ = {
			isa = XCBuildConfiguration;
			buildSettings = {
				ASSETCATALOG_COMPILER_APPICON_NAME = AppIcon;
				CODE_SIGN_STYLE = Automatic;
				DEVELOPMENT_TEAM = C3J9Z27Z7Z;
				INFOPLIST_FILE = kinensai131th/Info.plist;
				LD_RUNPATH_SEARCH_PATHS = (
					"$(inherited)",
					"@executable_path/Frameworks",
				);
				PRODUCT_BUNDLE_IDENTIFIER = com.litech.kinensai131th;
				PRODUCT_NAME = "$(TARGET_NAME)";
				SWIFT_VERSION = 4.2;
				TARGETED_DEVICE_FAMILY = "1,2";
			};
			name = Release;
		};
		BAE01690229815D400560ED8 /* Debug */ = {
			isa = XCBuildConfiguration;
			buildSettings = {
				ALWAYS_EMBED_SWIFT_STANDARD_LIBRARIES = YES;
				BUNDLE_LOADER = "$(TEST_HOST)";
				CODE_SIGN_STYLE = Automatic;
				DEVELOPMENT_TEAM = C3J9Z27Z7Z;
				INFOPLIST_FILE = kinensai131thTests/Info.plist;
				LD_RUNPATH_SEARCH_PATHS = (
					"$(inherited)",
					"@executable_path/Frameworks",
					"@loader_path/Frameworks",
				);
				PRODUCT_BUNDLE_IDENTIFIER = com.litech.kinensai131thTests;
				PRODUCT_NAME = "$(TARGET_NAME)";
				SWIFT_VERSION = 4.2;
				TARGETED_DEVICE_FAMILY = "1,2";
				TEST_HOST = "$(BUILT_PRODUCTS_DIR)/kinensai131th.app/kinensai131th";
			};
			name = Debug;
		};
		BAE01691229815D400560ED8 /* Release */ = {
			isa = XCBuildConfiguration;
			buildSettings = {
				ALWAYS_EMBED_SWIFT_STANDARD_LIBRARIES = YES;
				BUNDLE_LOADER = "$(TEST_HOST)";
				CODE_SIGN_STYLE = Automatic;
				DEVELOPMENT_TEAM = C3J9Z27Z7Z;
				INFOPLIST_FILE = kinensai131thTests/Info.plist;
				LD_RUNPATH_SEARCH_PATHS = (
					"$(inherited)",
					"@executable_path/Frameworks",
					"@loader_path/Frameworks",
				);
				PRODUCT_BUNDLE_IDENTIFIER = com.litech.kinensai131thTests;
				PRODUCT_NAME = "$(TARGET_NAME)";
				SWIFT_VERSION = 4.2;
				TARGETED_DEVICE_FAMILY = "1,2";
				TEST_HOST = "$(BUILT_PRODUCTS_DIR)/kinensai131th.app/kinensai131th";
			};
			name = Release;
		};
		BAE01693229815D400560ED8 /* Debug */ = {
			isa = XCBuildConfiguration;
			buildSettings = {
				ALWAYS_EMBED_SWIFT_STANDARD_LIBRARIES = YES;
				CODE_SIGN_STYLE = Automatic;
				DEVELOPMENT_TEAM = C3J9Z27Z7Z;
				INFOPLIST_FILE = kinensai131thUITests/Info.plist;
				LD_RUNPATH_SEARCH_PATHS = (
					"$(inherited)",
					"@executable_path/Frameworks",
					"@loader_path/Frameworks",
				);
				PRODUCT_BUNDLE_IDENTIFIER = com.litech.kinensai131thUITests;
				PRODUCT_NAME = "$(TARGET_NAME)";
				SWIFT_VERSION = 4.2;
				TARGETED_DEVICE_FAMILY = "1,2";
				TEST_TARGET_NAME = kinensai131th;
			};
			name = Debug;
		};
		BAE01694229815D400560ED8 /* Release */ = {
			isa = XCBuildConfiguration;
			buildSettings = {
				ALWAYS_EMBED_SWIFT_STANDARD_LIBRARIES = YES;
				CODE_SIGN_STYLE = Automatic;
				DEVELOPMENT_TEAM = C3J9Z27Z7Z;
				INFOPLIST_FILE = kinensai131thUITests/Info.plist;
				LD_RUNPATH_SEARCH_PATHS = (
					"$(inherited)",
					"@executable_path/Frameworks",
					"@loader_path/Frameworks",
				);
				PRODUCT_BUNDLE_IDENTIFIER = com.litech.kinensai131thUITests;
				PRODUCT_NAME = "$(TARGET_NAME)";
				SWIFT_VERSION = 4.2;
				TARGETED_DEVICE_FAMILY = "1,2";
				TEST_TARGET_NAME = kinensai131th;
			};
			name = Release;
		};
/* End XCBuildConfiguration section */

/* Begin XCConfigurationList section */
		BAE0165D229815D300560ED8 /* Build configuration list for PBXProject "kinensai131th" */ = {
			isa = XCConfigurationList;
			buildConfigurations = (
				BAE0168A229815D400560ED8 /* Debug */,
				BAE0168B229815D400560ED8 /* Release */,
			);
			defaultConfigurationIsVisible = 0;
			defaultConfigurationName = Release;
		};
		BAE0168C229815D400560ED8 /* Build configuration list for PBXNativeTarget "kinensai131th" */ = {
			isa = XCConfigurationList;
			buildConfigurations = (
				BAE0168D229815D400560ED8 /* Debug */,
				BAE0168E229815D400560ED8 /* Release */,
			);
			defaultConfigurationIsVisible = 0;
			defaultConfigurationName = Release;
		};
		BAE0168F229815D400560ED8 /* Build configuration list for PBXNativeTarget "kinensai131thTests" */ = {
			isa = XCConfigurationList;
			buildConfigurations = (
				BAE01690229815D400560ED8 /* Debug */,
				BAE01691229815D400560ED8 /* Release */,
			);
			defaultConfigurationIsVisible = 0;
			defaultConfigurationName = Release;
		};
		BAE01692229815D400560ED8 /* Build configuration list for PBXNativeTarget "kinensai131thUITests" */ = {
			isa = XCConfigurationList;
			buildConfigurations = (
				BAE01693229815D400560ED8 /* Debug */,
				BAE01694229815D400560ED8 /* Release */,
			);
			defaultConfigurationIsVisible = 0;
			defaultConfigurationName = Release;
		};
/* End XCConfigurationList section */
	};
	rootObject = BAE0165A229815D300560ED8 /* Project object */;
}
